
Microsoft Visual Studio Solution File, Format Version 12.00
# Visual Studio Version 16
VisualStudioVersion = 16.0.29424.173
MinimumVisualStudioVersion = 10.0.40219.1
Project("{888888A0-9F3D-457C-B088-3A5042F75D52}") = "Lab1", "Lab1.pyproj", "{9902ADEF-34DC-4E65-96C5-29D6F4C2EE6B}"
EndProject
Global
	GlobalSection(SolutionConfigurationPlatforms) = preSolution
		Debug|Any CPU = Debug|Any CPU
		Release|Any CPU = Release|Any CPU
	EndGlobalSection
	GlobalSection(ProjectConfigurationPlatforms) = postSolution
		{9902ADEF-34DC-4E65-96C5-29D6F4C2EE6B}.Debug|Any CPU.ActiveCfg = Debug|Any CPU
		{9902ADEF-34DC-4E65-96C5-29D6F4C2EE6B}.Release|Any CPU.ActiveCfg = Release|Any CPU
	EndGlobalSection
	GlobalSection(SolutionProperties) = preSolution
		HideSolutionNode = FALSE
	EndGlobalSection
	GlobalSection(ExtensibilityGlobals) = postSolution
		SolutionGuid = {D01AFDE1-6D9A-451B-9EF1-2FDDD35E1375}
	EndGlobalSection
EndGlobal
